
Microsoft Visual Studio Solution File, Format Version 12.00
# Visual Studio Version 16
VisualStudioVersion = 16.0.28803.202
MinimumVisualStudioVersion = 10.0.40219.1
Project("{F184B08F-C81C-45F6-A57F-5ABD9991F28F}") = "KLH.Revit.DeveloperTools", "KLH.Revit.DeveloperTools.vbproj", "{CFBF30C9-B8A3-46F0-9C23-5639A181B5BC}"
EndProject
Global
	GlobalSection(SolutionConfigurationPlatforms) = preSolution
		Debug|Any CPU = Debug|Any CPU
		Release|Any CPU = Release|Any CPU
	EndGlobalSection
	GlobalSection(ProjectConfigurationPlatforms) = postSolution
		{CFBF30C9-B8A3-46F0-9C23-5639A181B5BC}.Debug|Any CPU.ActiveCfg = Debug|Any CPU
		{CFBF30C9-B8A3-46F0-9C23-5639A181B5BC}.Debug|Any CPU.Build.0 = Debug|Any CPU
		{CFBF30C9-B8A3-46F0-9C23-5639A181B5BC}.Release|Any CPU.ActiveCfg = Release|Any CPU
		{CFBF30C9-B8A3-46F0-9C23-5639A181B5BC}.Release|Any CPU.Build.0 = Release|Any CPU
	EndGlobalSection
	GlobalSection(SolutionProperties) = preSolution
		HideSolutionNode = FALSE
	EndGlobalSection
	GlobalSection(ExtensibilityGlobals) = postSolution
		SolutionGuid = {DF25F0D3-57B7-4FE9-BFBA-F296FBAFCC73}
	EndGlobalSection
EndGlobal
